
Microsoft Visual Studio Solution File, Format Version 12.00
# Visual Studio Version 17
VisualStudioVersion = 17.1.32210.238
MinimumVisualStudioVersion = 10.0.40219.1
Project("{FAE04EC0-301F-11D3-BF4B-00C04F79EFBC}") = "Fibanocci_Series", "Fibanocci_Series\Fibanocci_Series.csproj", "{4FA82DC9-7DA4-4C67-BA70-F433F6D153EB}"
EndProject
Global
	GlobalSection(SolutionConfigurationPlatforms) = preSolution
		Debug|Any CPU = Debug|Any CPU
		Release|Any CPU = Release|Any CPU
	EndGlobalSection
	GlobalSection(ProjectConfigurationPlatforms) = postSolution
		{4FA82DC9-7DA4-4C67-BA70-F433F6D153EB}.Debug|Any CPU.ActiveCfg = Debug|Any CPU
		{4FA82DC9-7DA4-4C67-BA70-F433F6D153EB}.Debug|Any CPU.Build.0 = Debug|Any CPU
		{4FA82DC9-7DA4-4C67-BA70-F433F6D153EB}.Release|Any CPU.ActiveCfg = Release|Any CPU
		{4FA82DC9-7DA4-4C67-BA70-F433F6D153EB}.Release|Any CPU.Build.0 = Release|Any CPU
	EndGlobalSection
	GlobalSection(SolutionProperties) = preSolution
		HideSolutionNode = FALSE
	EndGlobalSection
	GlobalSection(ExtensibilityGlobals) = postSolution
		SolutionGuid = {9AAB7F60-89E6-4ED7-AE4F-0D9CE674642B}
	EndGlobalSection
EndGlobal
