
Microsoft Visual Studio Solution File, Format Version 12.00
# Visual Studio Version 17
VisualStudioVersion = 17.1.32210.238
MinimumVisualStudioVersion = 10.0.40219.1
Project("{FAE04EC0-301F-11D3-BF4B-00C04F79EFBC}") = "CoupenNumber", "CoupenNumber\CoupenNumber.csproj", "{A542CA0F-EE98-4EB1-9207-F71BCDF1C922}"
EndProject
Global
	GlobalSection(SolutionConfigurationPlatforms) = preSolution
		Debug|Any CPU = Debug|Any CPU
		Release|Any CPU = Release|Any CPU
	EndGlobalSection
	GlobalSection(ProjectConfigurationPlatforms) = postSolution
		{A542CA0F-EE98-4EB1-9207-F71BCDF1C922}.Debug|Any CPU.ActiveCfg = Debug|Any CPU
		{A542CA0F-EE98-4EB1-9207-F71BCDF1C922}.Debug|Any CPU.Build.0 = Debug|Any CPU
		{A542CA0F-EE98-4EB1-9207-F71BCDF1C922}.Release|Any CPU.ActiveCfg = Release|Any CPU
		{A542CA0F-EE98-4EB1-9207-F71BCDF1C922}.Release|Any CPU.Build.0 = Release|Any CPU
	EndGlobalSection
	GlobalSection(SolutionProperties) = preSolution
		HideSolutionNode = FALSE
	EndGlobalSection
	GlobalSection(ExtensibilityGlobals) = postSolution
		SolutionGuid = {0AA0A673-639B-42B4-911E-9EF202AD9073}
	EndGlobalSection
EndGlobal
