
Microsoft Visual Studio Solution File, Format Version 12.00
# Visual Studio Version 17
VisualStudioVersion = 17.1.32210.238
MinimumVisualStudioVersion = 10.0.40219.1
Project("{FAE04EC0-301F-11D3-BF4B-00C04F79EFBC}") = "StopWatch", "StopWatch\StopWatch.csproj", "{1574BE18-4D1E-4E17-888D-244B6F16A06A}"
EndProject
Global
	GlobalSection(SolutionConfigurationPlatforms) = preSolution
		Debug|Any CPU = Debug|Any CPU
		Release|Any CPU = Release|Any CPU
	EndGlobalSection
	GlobalSection(ProjectConfigurationPlatforms) = postSolution
		{1574BE18-4D1E-4E17-888D-244B6F16A06A}.Debug|Any CPU.ActiveCfg = Debug|Any CPU
		{1574BE18-4D1E-4E17-888D-244B6F16A06A}.Debug|Any CPU.Build.0 = Debug|Any CPU
		{1574BE18-4D1E-4E17-888D-244B6F16A06A}.Release|Any CPU.ActiveCfg = Release|Any CPU
		{1574BE18-4D1E-4E17-888D-244B6F16A06A}.Release|Any CPU.Build.0 = Release|Any CPU
	EndGlobalSection
	GlobalSection(SolutionProperties) = preSolution
		HideSolutionNode = FALSE
	EndGlobalSection
	GlobalSection(ExtensibilityGlobals) = postSolution
		SolutionGuid = {0579D5BE-F0D8-429F-840A-B387DE2F5CCB}
	EndGlobalSection
EndGlobal
